// !$*UTF8*$!
{
	archiveVersion = 1;
	classes = {
	};
	objectVersion = 46;
	objects = {

/* Begin PBXBuildFile section */
		C88FAC221B82D67B00B051B9 /* main.c in Sources */ = {isa = PBXBuildFile; fileRef = C88FAC211B82D67B00B051B9 /* main.c */; };
/* End PBXBuildFile section */

/* Begin PBXCopyFilesBuildPhase section */
		C88FAC1C1B82D67B00B051B9 /* CopyFiles */ = {
			isa = PBXCopyFilesBuildPhase;
			buildActionMask = 2147483647;
			dstPath = /usr/share/man/man1/;
			dstSubfolderSpec = 0;
			files = (
			);
			runOnlyForDeploymentPostprocessing = 1;
		};
/* End PBXCopyFilesBuildPhase section */

/* Begin PBXFileReference section */
		C88FAC1E1B82D67B00B051B9 /* ConsoleApplication2 */ = {isa = PBXFileReference; explicitFileType = "compiled.mach-o.executable"; includeInIndex = 0; path = ConsoleApplication2; sourceTree = BUILT_PRODUCTS_DIR; };
		C88FAC211B82D67B00B051B9 /* main.c */ = {isa = PBXFileReference; lastKnownFileType = sourcecode.c.c; path = main.c; sourceTree = "<group>"; };
/* End PBXFileReference section */

/* Begin PBXFrameworksBuildPhase section */
		C88FAC1B1B82D67B00B051B9 /* Frameworks */ = {
			isa = PBXFrameworksBuildPhase;
			buildActionMask = 2147483647;
			files = (
			);
			runOnlyForDeploymentPostprocessing = 0;
		};
/* End PBXFrameworksBuildPhase section */

/* Begin PBXGroup section */
		C88FAC151B82D67B00B051B9 = {
			isa = PBXGroup;
			children = (
				C88FAC201B82D67B00B051B9 /* ConsoleApplication2 */,
				C88FAC1F1B82D67B00B051B9 /* Products */,
			);
			sourceTree = "<group>";
		};
		C88FAC1F1B82D67B00B051B9 /* Products */ = {
			isa = PBXGroup;
			children = (
				C88FAC1E1B82D67B00B051B9 /* ConsoleApplication2 */,
			);
			name = Products;
			sourceTree = "<group>";
		};
		C88FAC201B82D67B00B051B9 /* ConsoleApplication2 */ = {
			isa = PBXGroup;
			children = (
				C88FAC211B82D67B00B051B9 /* main.c */,
			);
			path = ConsoleApplication2;
			sourceTree = "<group>";
		};
/* End PBXGroup section */

/* Begin PBXNativeTarget section */
		C88FAC1D1B82D67B00B051B9 /* ConsoleApplication2 */ = {
			isa = PBXNativeTarget;
			buildConfigurationList = C88FAC251B82D67B00B051B9 /* Build configuration list for PBXNativeTarget "ConsoleApplication2" */;
			buildPhases = (
				C88FAC1A1B82D67B00B051B9 /* Sources */,
				C88FAC1B1B82D67B00B051B9 /* Frameworks */,
				C88FAC1C1B82D67B00B051B9 /* CopyFiles */,
			);
			buildRules = (
			);
			dependencies = (
			);
			name = ConsoleApplication2;
			productName = ConsoleApplication2;
			productReference = C88FAC1E1B82D67B00B051B9 /* ConsoleApplication2 */;
			productType = "com.apple.product-type.tool";
		};
/* End PBXNativeTarget section */

/* Begin PBXProject section */
		C88FAC161B82D67B00B051B9 /* Project object */ = {
			isa = PBXProject;
			attributes = {
				LastUpgradeCheck = 0640;
				ORGANIZATIONNAME = "He Wang";
				TargetAttributes = {
					C88FAC1D1B82D67B00B051B9 = {
						CreatedOnToolsVersion = 6.4;
					};
				};
			};
			buildConfigurationList = C88FAC191B82D67B00B051B9 /* Build configuration list for PBXProject "ConsoleApplication2" */;
			compatibilityVersion = "Xcode 3.2";
			developmentRegion = English;
			hasScannedForEncodings = 0;
			knownRegions = (
				en,
			);
			mainGroup = C88FAC151B82D67B00B051B9;
			productRefGroup = C88FAC1F1B82D67B00B051B9 /* Products */;
			projectDirPath = "";
			projectRoot = "";
			targets = (
				C88FAC1D1B82D67B00B051B9 /* ConsoleApplication2 */,
			);
		};
/* End PBXProject section */

/* Begin PBXSourcesBuildPhase section */
		C88FAC1A1B82D67B00B051B9 /* Sources */ = {
			isa = PBXSourcesBuildPhase;
			buildActionMask = 2147483647;
			files = (
				C88FAC221B82D67B00B051B9 /* main.c in Sources */,
			);
			runOnlyForDeploymentPostprocessing = 0;
		};
/* End PBXSourcesBuildPhase section */

/* Begin XCBuildConfiguration section */
		C88FAC231B82D67B00B051B9 /* Debug */ = {
			isa = XCBuildConfiguration;
			buildSettings = {
				ALWAYS_SEARCH_USER_PATHS = NO;
				CLANG_CXX_LANGUAGE_STANDARD = "gnu++0x";
				CLANG_CXX_LIBRARY = "libc++";
				CLANG_ENABLE_MODULES = YES;
				CLANG_ENABLE_OBJC_ARC = YES;
				CLANG_WARN_BOOL_CONVERSION = YES;
				CLANG_WARN_CONSTANT_CONVERSION = YES;
				CLANG_WARN_DIRECT_OBJC_ISA_USAGE = YES_ERROR;
				CLANG_WARN_EMPTY_BODY = YES;
				CLANG_WARN_ENUM_CONVERSION = YES;
				CLANG_WARN_INT_CONVERSION = YES;
				CLANG_WARN_OBJC_ROOT_CLASS = YES_ERROR;
				CLANG_WARN_UNREACHABLE_CODE = YES;
				CLANG_WARN__DUPLICATE_METHOD_MATCH = YES;
				COPY_PHASE_STRIP = NO;
				DEBUG_INFORMATION_FORMAT = dwarf;
				ENABLE_STRICT_OBJC_MSGSEND = YES;
				GCC_C_LANGUAGE_STANDARD = gnu99;
				GCC_DYNAMIC_NO_PIC = NO;
				GCC_NO_COMMON_BLOCKS = YES;
				GCC_OPTIMIZATION_LEVEL = 0;
				GCC_PREPROCESSOR_DEFINITIONS = (
					"DEBUG=1",
					"$(inherited)",
				);
				GCC_SYMBOLS_PRIVATE_EXTERN = NO;
				GCC_WARN_64_TO_32_BIT_CONVERSION = YES;
				GCC_WARN_ABOUT_RETURN_TYPE = YES_ERROR;
				GCC_WARN_UNDECLARED_SELECTOR = YES;
				GCC_WARN_UNINITIALIZED_AUTOS = YES_AGGRESSIVE;
				GCC_WARN_UNUSED_FUNCTION = YES;
				GCC_WARN_UNUSED_VARIABLE = YES;
				MACOSX_DEPLOYMENT_TARGET = 10.10;
				MTL_ENABLE_DEBUG_INFO = YES;
				ONLY_ACTIVE_ARCH = YES;
				SDKROOT = macosx;
			};
			name = Debug;
		};
		C88FAC241B82D67B00B051B9 /* Release */ = {
			isa = XCBuildConfiguration;
			buildSettings = {
				ALWAYS_SEARCH_USER_PATHS = NO;
				CLANG_CXX_LANGUAGE_STANDARD = "gnu++0x";
				CLANG_CXX_LIBRARY = "libc++";
				CLANG_ENABLE_MODULES = YES;
				CLANG_ENABLE_OBJC_ARC = YES;
				CLANG_WARN_BOOL_CONVERSION = YES;
				CLANG_WARN_CONSTANT_CONVERSION = YES;
				CLANG_WARN_DIRECT_OBJC_ISA_USAGE = YES_ERROR;
				CLANG_WARN_EMPTY_BODY = YES;
				CLANG_WARN_ENUM_CONVERSION = YES;
				CLANG_WARN_INT_CONVERSION = YES;
				CLANG_WARN_OBJC_ROOT_CLASS = YES_ERROR;
				CLANG_WARN_UNREACHABLE_CODE = YES;
				CLANG_WARN__DUPLICATE_METHOD_MATCH = YES;
				COPY_PHASE_STRIP = NO;
				DEBUG_INFORMATION_FORMAT = "dwarf-with-dsym";
				ENABLE_NS_ASSERTIONS = NO;
				ENABLE_STRICT_OBJC_MSGSEND = YES;
				GCC_C_LANGUAGE_STANDARD = gnu99;
				GCC_NO_COMMON_BLOCKS = YES;
				GCC_WARN_64_TO_32_BIT_CONVERSION = YES;
				GCC_WARN_ABOUT_RETURN_TYPE = YES_ERROR;
				GCC_WARN_UNDECLARED_SELECTOR = YES;
				GCC_WARN_UNINITIALIZED_AUTOS = YES_AGGRESSIVE;
				GCC_WARN_UNUSED_FUNCTION = YES;
				GCC_WARN_UNUSED_VARIABLE = YES;
				MACOSX_DEPLOYMENT_TARGET = 10.10;
				MTL_ENABLE_DEBUG_INFO = NO;
				SDKROOT = macosx;
			};
			name = Release;
		};
		C88FAC261B82D67B00B051B9 /* Debug */ = {
			isa = XCBuildConfiguration;
			buildSettings = {
				PRODUCT_NAME = "$(TARGET_NAME)";
			};
			name = Debug;
		};
		C88FAC271B82D67B00B051B9 /* Release */ = {
			isa = XCBuildConfiguration;
			buildSettings = {
				PRODUCT_NAME = "$(TARGET_NAME)";
			};
			name = Release;
		};
/* End XCBuildConfiguration section */

/* Begin XCConfigurationList section */
		C88FAC191B82D67B00B051B9 /* Build configuration list for PBXProject "ConsoleApplication2" */ = {
			isa = XCConfigurationList;
			buildConfigurations = (
				C88FAC231B82D67B00B051B9 /* Debug */,
				C88FAC241B82D67B00B051B9 /* Release */,
			);
			defaultConfigurationIsVisible = 0;
			defaultConfigurationName = Release;
		};
		C88FAC251B82D67B00B051B9 /* Build configuration list for PBXNativeTarget "ConsoleApplication2" */ = {
			isa = XCConfigurationList;
			buildConfigurations = (
				C88FAC261B82D67B00B051B9 /* Debug */,
				C88FAC271B82D67B00B051B9 /* Release */,
			);
			defaultConfigurationIsVisible = 0;
		};
/* End XCConfigurationList section */
	};
	rootObject = C88FAC161B82D67B00B051B9 /* Project object */;
}
